
Microsoft Visual Studio Solution File, Format Version 12.00
# Visual Studio Version 17
VisualStudioVersion = 17.1.32319.34
MinimumVisualStudioVersion = 10.0.40219.1
Project("{FAE04EC0-301F-11D3-BF4B-00C04F79EFBC}") = "Pract3", "Pract3\Pract3.csproj", "{55F340CA-ACAA-4511-B66C-D3D165C8C2C8}"
EndProject
Global
	GlobalSection(SolutionConfigurationPlatforms) = preSolution
		Debug|Any CPU = Debug|Any CPU
		Release|Any CPU = Release|Any CPU
	EndGlobalSection
	GlobalSection(ProjectConfigurationPlatforms) = postSolution
		{55F340CA-ACAA-4511-B66C-D3D165C8C2C8}.Debug|Any CPU.ActiveCfg = Debug|Any CPU
		{55F340CA-ACAA-4511-B66C-D3D165C8C2C8}.Debug|Any CPU.Build.0 = Debug|Any CPU
		{55F340CA-ACAA-4511-B66C-D3D165C8C2C8}.Release|Any CPU.ActiveCfg = Release|Any CPU
		{55F340CA-ACAA-4511-B66C-D3D165C8C2C8}.Release|Any CPU.Build.0 = Release|Any CPU
	EndGlobalSection
	GlobalSection(SolutionProperties) = preSolution
		HideSolutionNode = FALSE
	EndGlobalSection
	GlobalSection(ExtensibilityGlobals) = postSolution
		SolutionGuid = {3F36B11E-5A39-4F6E-923B-3ACE40CC03A5}
	EndGlobalSection
EndGlobal
